
Microsoft Visual Studio Solution File, Format Version 12.00
# Visual Studio 15
VisualStudioVersion = 15.0.28010.2036
MinimumVisualStudioVersion = 10.0.40219.1
Project("{FAE04EC0-301F-11D3-BF4B-00C04F79EFBC}") = "FizzBuzzTree", "FizzBuzzTree\FizzBuzzTree.csproj", "{B069A5B7-C773-4CCA-A209-138A44ADE4FD}"
EndProject
Global
	GlobalSection(SolutionConfigurationPlatforms) = preSolution
		Debug|Any CPU = Debug|Any CPU
		Release|Any CPU = Release|Any CPU
	EndGlobalSection
	GlobalSection(ProjectConfigurationPlatforms) = postSolution
		{B069A5B7-C773-4CCA-A209-138A44ADE4FD}.Debug|Any CPU.ActiveCfg = Debug|Any CPU
		{B069A5B7-C773-4CCA-A209-138A44ADE4FD}.Debug|Any CPU.Build.0 = Debug|Any CPU
		{B069A5B7-C773-4CCA-A209-138A44ADE4FD}.Release|Any CPU.ActiveCfg = Release|Any CPU
		{B069A5B7-C773-4CCA-A209-138A44ADE4FD}.Release|Any CPU.Build.0 = Release|Any CPU
	EndGlobalSection
	GlobalSection(SolutionProperties) = preSolution
		HideSolutionNode = FALSE
	EndGlobalSection
	GlobalSection(ExtensibilityGlobals) = postSolution
		SolutionGuid = {2A5E3655-3025-49E6-B3C5-C9FC11E2CDBE}
	EndGlobalSection
EndGlobal
