
Microsoft Visual Studio Solution File, Format Version 12.00
# Visual Studio 15
VisualStudioVersion = 15.0.28010.2036
MinimumVisualStudioVersion = 10.0.40219.1
Project("{FAE04EC0-301F-11D3-BF4B-00C04F79EFBC}") = "AnimalShelterQueue", "AnimalShelterQueue\AnimalShelterQueue.csproj", "{12284D2F-E947-4265-BFDA-18AD838C62F2}"
EndProject
Project("{FAE04EC0-301F-11D3-BF4B-00C04F79EFBC}") = "AnimalShelterQueueTest", "AnimalShelterQueueTest\AnimalShelterQueueTest.csproj", "{1E272A48-DB33-4C1C-AD63-D77471DC0F0A}"
EndProject
Global
	GlobalSection(SolutionConfigurationPlatforms) = preSolution
		Debug|Any CPU = Debug|Any CPU
		Release|Any CPU = Release|Any CPU
	EndGlobalSection
	GlobalSection(ProjectConfigurationPlatforms) = postSolution
		{12284D2F-E947-4265-BFDA-18AD838C62F2}.Debug|Any CPU.ActiveCfg = Debug|Any CPU
		{12284D2F-E947-4265-BFDA-18AD838C62F2}.Debug|Any CPU.Build.0 = Debug|Any CPU
		{12284D2F-E947-4265-BFDA-18AD838C62F2}.Release|Any CPU.ActiveCfg = Release|Any CPU
		{12284D2F-E947-4265-BFDA-18AD838C62F2}.Release|Any CPU.Build.0 = Release|Any CPU
		{1E272A48-DB33-4C1C-AD63-D77471DC0F0A}.Debug|Any CPU.ActiveCfg = Debug|Any CPU
		{1E272A48-DB33-4C1C-AD63-D77471DC0F0A}.Debug|Any CPU.Build.0 = Debug|Any CPU
		{1E272A48-DB33-4C1C-AD63-D77471DC0F0A}.Release|Any CPU.ActiveCfg = Release|Any CPU
		{1E272A48-DB33-4C1C-AD63-D77471DC0F0A}.Release|Any CPU.Build.0 = Release|Any CPU
	EndGlobalSection
	GlobalSection(SolutionProperties) = preSolution
		HideSolutionNode = FALSE
	EndGlobalSection
	GlobalSection(ExtensibilityGlobals) = postSolution
		SolutionGuid = {B9B3D7A7-373E-41B1-A833-013DD8830941}
	EndGlobalSection
EndGlobal
