
Microsoft Visual Studio Solution File, Format Version 12.00
# Visual Studio 15
VisualStudioVersion = 15.0.28010.2036
MinimumVisualStudioVersion = 10.0.40219.1
Project("{FAE04EC0-301F-11D3-BF4B-00C04F79EFBC}") = "BinarySearch", "BinarySearch\BinarySearch.csproj", "{703EEB7E-842D-4F2A-B521-54316EDE4C17}"
EndProject
Project("{FAE04EC0-301F-11D3-BF4B-00C04F79EFBC}") = "BinarySearchTest", "BinarySearchTest\BinarySearchTest.csproj", "{541F08C7-13E5-4685-9A12-F23971860FCF}"
EndProject
Global
	GlobalSection(SolutionConfigurationPlatforms) = preSolution
		Debug|Any CPU = Debug|Any CPU
		Release|Any CPU = Release|Any CPU
	EndGlobalSection
	GlobalSection(ProjectConfigurationPlatforms) = postSolution
		{703EEB7E-842D-4F2A-B521-54316EDE4C17}.Debug|Any CPU.ActiveCfg = Debug|Any CPU
		{703EEB7E-842D-4F2A-B521-54316EDE4C17}.Debug|Any CPU.Build.0 = Debug|Any CPU
		{703EEB7E-842D-4F2A-B521-54316EDE4C17}.Release|Any CPU.ActiveCfg = Release|Any CPU
		{703EEB7E-842D-4F2A-B521-54316EDE4C17}.Release|Any CPU.Build.0 = Release|Any CPU
		{541F08C7-13E5-4685-9A12-F23971860FCF}.Debug|Any CPU.ActiveCfg = Debug|Any CPU
		{541F08C7-13E5-4685-9A12-F23971860FCF}.Debug|Any CPU.Build.0 = Debug|Any CPU
		{541F08C7-13E5-4685-9A12-F23971860FCF}.Release|Any CPU.ActiveCfg = Release|Any CPU
		{541F08C7-13E5-4685-9A12-F23971860FCF}.Release|Any CPU.Build.0 = Release|Any CPU
	EndGlobalSection
	GlobalSection(SolutionProperties) = preSolution
		HideSolutionNode = FALSE
	EndGlobalSection
	GlobalSection(ExtensibilityGlobals) = postSolution
		SolutionGuid = {ACAA8198-EF77-47ED-91D2-2DC07D6D8C69}
	EndGlobalSection
EndGlobal
