
Microsoft Visual Studio Solution File, Format Version 12.00
# Visual Studio 15
VisualStudioVersion = 15.0.28010.2036
MinimumVisualStudioVersion = 10.0.40219.1
Project("{FAE04EC0-301F-11D3-BF4B-00C04F79EFBC}") = "RepeatedWord", "RepeatedWord\RepeatedWord.csproj", "{ABEED102-01EE-41BF-914F-A162238981A1}"
EndProject
Project("{FAE04EC0-301F-11D3-BF4B-00C04F79EFBC}") = "RepeatedWordTest", "RepeatedWordTest\RepeatedWordTest.csproj", "{578D792B-85CA-4677-AA5E-61BD83F07B19}"
EndProject
Global
	GlobalSection(SolutionConfigurationPlatforms) = preSolution
		Debug|Any CPU = Debug|Any CPU
		Release|Any CPU = Release|Any CPU
	EndGlobalSection
	GlobalSection(ProjectConfigurationPlatforms) = postSolution
		{ABEED102-01EE-41BF-914F-A162238981A1}.Debug|Any CPU.ActiveCfg = Debug|Any CPU
		{ABEED102-01EE-41BF-914F-A162238981A1}.Debug|Any CPU.Build.0 = Debug|Any CPU
		{ABEED102-01EE-41BF-914F-A162238981A1}.Release|Any CPU.ActiveCfg = Release|Any CPU
		{ABEED102-01EE-41BF-914F-A162238981A1}.Release|Any CPU.Build.0 = Release|Any CPU
		{578D792B-85CA-4677-AA5E-61BD83F07B19}.Debug|Any CPU.ActiveCfg = Debug|Any CPU
		{578D792B-85CA-4677-AA5E-61BD83F07B19}.Debug|Any CPU.Build.0 = Debug|Any CPU
		{578D792B-85CA-4677-AA5E-61BD83F07B19}.Release|Any CPU.ActiveCfg = Release|Any CPU
		{578D792B-85CA-4677-AA5E-61BD83F07B19}.Release|Any CPU.Build.0 = Release|Any CPU
	EndGlobalSection
	GlobalSection(SolutionProperties) = preSolution
		HideSolutionNode = FALSE
	EndGlobalSection
	GlobalSection(ExtensibilityGlobals) = postSolution
		SolutionGuid = {05378E35-F71E-4E90-9EB0-3D3A0F323834}
	EndGlobalSection
EndGlobal
